<?xml version="1.0" encoding="utf-8"?>
<Project ToolsVersion="4.0" xmlns="http://schemas.microsoft.com/developer/msbuild/2003">
  <ItemGroup>
    <Filter Include="Utility">
      <UniqueIdentifier>{db94bf4e-3ceb-4c32-8c7f-e5098db99a04}</UniqueIdentifier>
    </Filter>
    <Filter Include="Application">
      <UniqueIdentifier>{b8338c1d-2a1c-42b7-8dd7-ea20b4012659}</UniqueIdentifier>
    </Filter>
    <Filter Include="Events">
      <UniqueIdentifier>{52c4ab78-39dc-4309-8fcd-da53e9d465d6}</UniqueIdentifier>
    </Filter>
    <Filter Include="Events\WindowsMessages">
      <UniqueIdentifier>{71ce8e3c-9ab4-48b7-9d31-58bcf6acb66c}</UniqueIdentifier>
    </Filter>
    <Filter Include="Events\WindowsMessages\Keyboard">
      <UniqueIdentifier>{99b7e75f-8ad7-4495-9b00-49d520b67cf7}</UniqueIdentifier>
    </Filter>
    <Filter Include="Events\WindowsMessages\Window">
      <UniqueIdentifier>{6ddfd9ed-76a4-4262-850c-660ec3cb62ae}</UniqueIdentifier>
    </Filter>
    <Filter Include="Rendering">
      <UniqueIdentifier>{e4627d94-386b-4088-be51-d042a1e19688}</UniqueIdentifier>
    </Filter>
    <Filter Include="Rendering\Direct3D11">
      <UniqueIdentifier>{644af289-b6ce-4f57-ba9a-1b90c66ffff0}</UniqueIdentifier>
    </Filter>
    <Filter Include="Scene">
      <UniqueIdentifier>{b0fc9420-c089-47ab-9cdd-1f4301693590}</UniqueIdentifier>
    </Filter>
    <Filter Include="Scene\Cameras">
      <UniqueIdentifier>{70297c4b-2a2c-4472-96a1-f7a544540b85}</UniqueIdentifier>
    </Filter>
    <Filter Include="Rendering\Direct3D11\Pipeline">
      <UniqueIdentifier>{7426ee86-a098-4b0c-a901-ca008ed3b054}</UniqueIdentifier>
    </Filter>
    <Filter Include="Rendering\Direct3D11\Resource">
      <UniqueIdentifier>{3e31828d-13a9-400b-a2fa-e1dcbc729682}</UniqueIdentifier>
    </Filter>
    <Filter Include="Rendering\Direct3D11\Resource\Views">
      <UniqueIdentifier>{bef15ebd-3188-4cd1-a5ff-56a19360075c}</UniqueIdentifier>
    </Filter>
    <Filter Include="Rendering\Direct3D11\Resource\Configs">
      <UniqueIdentifier>{61416ea2-9793-43c8-855f-948224133609}</UniqueIdentifier>
    </Filter>
    <Filter Include="Rendering\Direct3D11\Resource\DXGI">
      <UniqueIdentifier>{7a8e534f-80aa-4fcb-8289-a4ee95d84f54}</UniqueIdentifier>
    </Filter>
    <Filter Include="Rendering\Direct3D11\Resource\Textures">
      <UniqueIdentifier>{92e219a1-151a-4846-a7bf-f2e658fd2954}</UniqueIdentifier>
    </Filter>
    <Filter Include="Rendering\Direct3D11\Task System">
      <UniqueIdentifier>{1d75fd87-9089-45b7-a21a-ae8502d41300}</UniqueIdentifier>
    </Filter>
    <Filter Include="Rendering\Direct3D11\Render Views">
      <UniqueIdentifier>{3efabf6b-d377-4992-99b3-4327fcf6a20c}</UniqueIdentifier>
    </Filter>
    <Filter Include="Rendering\Direct3D11\Pipeline\Output Merger Stage">
      <UniqueIdentifier>{992e0c69-c2b6-4a1c-a9eb-c79850c10033}</UniqueIdentifier>
    </Filter>
    <Filter Include="Logging">
      <UniqueIdentifier>{a79b566d-c22e-4fcf-99a8-307b6075b3d7}</UniqueIdentifier>
    </Filter>
    <Filter Include="Rendering\Direct3D11\Pipeline\Rasterizer Stage">
      <UniqueIdentifier>{9947b0d6-b612-49b4-8e68-dc57ba080a51}</UniqueIdentifier>
    </Filter>
    <Filter Include="Rendering\Direct3D11\Resource\Viewport">
      <UniqueIdentifier>{f75a5081-fa10-43ad-8096-ada819ade937}</UniqueIdentifier>
    </Filter>
    <Filter Include="Rendering\Direct3D11\Pipeline\Input Assembler Stage">
      <UniqueIdentifier>{9d38040f-0629-4aff-b821-1b62c84b8f59}</UniqueIdentifier>
    </Filter>
    <Filter Include="Rendering\Direct3D11\Parameter System">
      <UniqueIdentifier>{bae14ca9-2618-42d8-811d-ebec79c5232d}</UniqueIdentifier>
    </Filter>
    <Filter Include="Rendering\Direct3D11\Parameter System\Parameters">
      <UniqueIdentifier>{2950af0e-aa4c-45c6-8ada-0a9c93020198}</UniqueIdentifier>
    </Filter>
    <Filter Include="Rendering\Direct3D11\Resource\Buffers">
      <UniqueIdentifier>{2d97ba11-4eaa-4367-a455-c80493ca4186}</UniqueIdentifier>
    </Filter>
    <Filter Include="Rendering\Direct3D11\Pipeline\Shader Stage">
      <UniqueIdentifier>{df13e430-6203-46e7-bd00-85e7dd5e437b}</UniqueIdentifier>
    </Filter>
    <Filter Include="Rendering\Direct3D11\Pipeline\Shader Stage\Stages">
      <UniqueIdentifier>{d897153d-3fe0-446c-bcf2-b6a519d69527}</UniqueIdentifier>
    </Filter>
    <Filter Include="Rendering\Direct3D11\Pipeline\Shader Stage\Programs">
      <UniqueIdentifier>{b35af99f-ce0e-4239-a663-e049f5b2067a}</UniqueIdentifier>
    </Filter>
    <Filter Include="Rendering\Direct3D11\Pipeline\Shader Stage\Reflection">
      <UniqueIdentifier>{95e6de18-20ff-4dc3-9378-d0c17c164666}</UniqueIdentifier>
    </Filter>
    <Filter Include="Rendering\Direct3D11\Material System">
      <UniqueIdentifier>{ca4bbe84-2dd5-43ea-955f-5bf9bc2573c0}</UniqueIdentifier>
    </Filter>
    <Filter Include="Rendering\Direct3D11\Pipeline\Common">
      <UniqueIdentifier>{0b0fcc06-3889-4b15-b482-98eaa066c23c}</UniqueIdentifier>
    </Filter>
    <Filter Include="Events\WindowsMessages\Rendering">
      <UniqueIdentifier>{1b56ad92-62f5-49d7-922b-5339b40df2ef}</UniqueIdentifier>
    </Filter>
    <Filter Include="Events\WindowsMessages\Mouse">
      <UniqueIdentifier>{6d9ad540-ae43-4f78-866f-37e8bb66b0d6}</UniqueIdentifier>
    </Filter>
    <Filter Include="Scene\Objects">
      <UniqueIdentifier>{dd4e7263-62e7-4dab-8d23-798fe21beb47}</UniqueIdentifier>
    </Filter>
    <Filter Include="Rendering\Direct3D11\Parameter System\Parameter Writer">
      <UniqueIdentifier>{3b2f3d7c-4421-402f-b9fc-45e102840f4d}</UniqueIdentifier>
    </Filter>
    <Filter Include="Math">
      <UniqueIdentifier>{a285f4ee-93dd-4da0-85c7-602823f3ee1e}</UniqueIdentifier>
    </Filter>
  </ItemGroup>
  <ItemGroup>
    <ClInclude Include="Utility\Pch.h">
      <Filter>Utility</Filter>
    </ClInclude>
    <ClInclude Include="Application\IWndProc.h">
      <Filter>Application</Filter>
    </ClInclude>
    <ClInclude Include="Events\EventManager.h">
      <Filter>Events</Filter>
    </ClInclude>
    <ClInclude Include="Events\IEvent.h">
      <Filter>Events</Filter>
    </ClInclude>
    <ClInclude Include="Events\IEventListener.h">
      <Filter>Events</Filter>
    </ClInclude>
    <ClInclude Include="Events\EKeyDown.h">
      <Filter>Events\WindowsMessages\Keyboard</Filter>
    </ClInclude>
    <ClInclude Include="Events\EWindow.h">
      <Filter>Events\WindowsMessages</Filter>
    </ClInclude>
    <ClInclude Include="Events\EKeyboard.h">
      <Filter>Events\WindowsMessages\Keyboard</Filter>
    </ClInclude>
    <ClInclude Include="Application\RenderWindow.h">
      <Filter>Application</Filter>
    </ClInclude>
    <ClInclude Include="Application\Win32RenderWindow.h">
      <Filter>Application</Filter>
    </ClInclude>
    <ClInclude Include="Events\EWindowResize.h">
      <Filter>Events\WindowsMessages\Window</Filter>
    </ClInclude>
    <ClInclude Include="Rendering\IRenderer.h">
      <Filter>Rendering</Filter>
    </ClInclude>
    <ClInclude Include="Scene\Scene.h">
      <Filter>Scene</Filter>
    </ClInclude>
    <ClInclude Include="Scene\Actor.h">
      <Filter>Scene</Filter>
    </ClInclude>
    <ClInclude Include="Scene\Camera.h">
      <Filter>Scene\Cameras</Filter>
    </ClInclude>
    <ClInclude Include="Rendering\PipelineManager.h">
      <Filter>Rendering\Direct3D11\Pipeline</Filter>
    </ClInclude>
    <ClInclude Include="Rendering\Dx11ResourceProxy.h">
      <Filter>Rendering\Direct3D11\Resource</Filter>
    </ClInclude>
    <ClInclude Include="Rendering\Dx11Resource.h">
      <Filter>Rendering\Direct3D11\Resource</Filter>
    </ClInclude>
    <ClInclude Include="Rendering\Dx11Texture2DConfig.h">
      <Filter>Rendering\Direct3D11\Resource\Configs</Filter>
    </ClInclude>
    <ClInclude Include="Rendering\Dx11DepthStencilViewConfig.h">
      <Filter>Rendering\Direct3D11\Resource\Configs</Filter>
    </ClInclude>
    <ClInclude Include="Rendering\Dx11RenderTargetViewConfig.h">
      <Filter>Rendering\Direct3D11\Resource\Configs</Filter>
    </ClInclude>
    <ClInclude Include="Rendering\Dx11ShaderResourceViewConfig.h">
      <Filter>Rendering\Direct3D11\Resource\Configs</Filter>
    </ClInclude>
    <ClInclude Include="Rendering\Dx11SwapChainConfig.h">
      <Filter>Rendering\Direct3D11\Resource\Configs</Filter>
    </ClInclude>
    <ClInclude Include="Rendering\Dx11ShaderResourceView.h">
      <Filter>Rendering\Direct3D11\Resource\Views</Filter>
    </ClInclude>
    <ClInclude Include="Rendering\Dx11DepthStencilView.h">
      <Filter>Rendering\Direct3D11\Resource\Views</Filter>
    </ClInclude>
    <ClInclude Include="Rendering\Dx11RenderTargetView.h">
      <Filter>Rendering\Direct3D11\Resource\Views</Filter>
    </ClInclude>
    <ClInclude Include="Rendering\Dx11SwapChain.h">
      <Filter>Rendering\Direct3D11\Resource\DXGI</Filter>
    </ClInclude>
    <ClInclude Include="Rendering\Dx11Texture2D.h">
      <Filter>Rendering\Direct3D11\Resource\Textures</Filter>
    </ClInclude>
    <ClInclude Include="Rendering\TaskCore.h">
      <Filter>Rendering\Direct3D11\Task System</Filter>
    </ClInclude>
    <ClInclude Include="Rendering\RenderTask.h">
      <Filter>Rendering\Direct3D11\Task System</Filter>
    </ClInclude>
    <ClInclude Include="Rendering\PerspectiveView.h">
      <Filter>Rendering\Direct3D11\Render Views</Filter>
    </ClInclude>
    <ClInclude Include="Rendering\DxOutputMergerStage.h">
      <Filter>Rendering\Direct3D11\Pipeline\Output Merger Stage</Filter>
    </ClInclude>
    <ClInclude Include="Rendering\DxOutputMergerState.h">
      <Filter>Rendering\Direct3D11\Pipeline\Output Merger Stage</Filter>
    </ClInclude>
    <ClInclude Include="Logging\DxDebugHelper.h">
      <Filter>Logging</Filter>
    </ClInclude>
    <ClInclude Include="Rendering\DxRasterizerStage.h">
      <Filter>Rendering\Direct3D11\Pipeline\Rasterizer Stage</Filter>
    </ClInclude>
    <ClInclude Include="Rendering\DxRasterizerState.h">
      <Filter>Rendering\Direct3D11\Pipeline\Rasterizer Stage</Filter>
    </ClInclude>
    <ClInclude Include="Rendering\Dx11ViewPort.h">
      <Filter>Rendering\Direct3D11\Resource\Viewport</Filter>
    </ClInclude>
    <ClInclude Include="Logging\ArkFileSystem.h">
      <Filter>Logging</Filter>
    </ClInclude>
    <ClInclude Include="Application\ArkApplication.h">
      <Filter>Application</Filter>
    </ClInclude>
    <ClInclude Include="Application\ArkRenderApplication11.h">
      <Filter>Application</Filter>
    </ClInclude>
    <ClInclude Include="Logging\ArkLog.h">
      <Filter>Logging</Filter>
    </ClInclude>
    <ClInclude Include="Rendering\ArkRenderer11.h">
      <Filter>Rendering\Direct3D11</Filter>
    </ClInclude>
    <ClInclude Include="Application\ArkConfigFile.h">
      <Filter>Application</Filter>
    </ClInclude>
    <ClInclude Include="Rendering\DxIAState.h">
      <Filter>Rendering\Direct3D11\Pipeline\Input Assembler Stage</Filter>
    </ClInclude>
    <ClInclude Include="Rendering\DxIAStage.h">
      <Filter>Rendering\Direct3D11\Pipeline\Input Assembler Stage</Filter>
    </ClInclude>
    <ClInclude Include="Rendering\ArkRenderParameter11.h">
      <Filter>Rendering\Direct3D11\Parameter System</Filter>
    </ClInclude>
    <ClInclude Include="Rendering\ArkVectorParameter11.h">
      <Filter>Rendering\Direct3D11\Parameter System\Parameters</Filter>
    </ClInclude>
    <ClInclude Include="Rendering\ArkMatrixParameter11.h">
      <Filter>Rendering\Direct3D11\Parameter System\Parameters</Filter>
    </ClInclude>
    <ClInclude Include="Rendering\ArkMatrixArrayParameter11.h">
      <Filter>Rendering\Direct3D11\Parameter System\Parameters</Filter>
    </ClInclude>
    <ClInclude Include="Rendering\IParameterManager.h">
      <Filter>Rendering\Direct3D11\Parameter System</Filter>
    </ClInclude>
    <ClInclude Include="Rendering\ArkParameterManager11.h">
      <Filter>Rendering\Direct3D11\Parameter System</Filter>
    </ClInclude>
    <ClInclude Include="Rendering\ArkBuffer11.h">
      <Filter>Rendering\Direct3D11\Resource\Buffers</Filter>
    </ClInclude>
    <ClInclude Include="Rendering\ArkBuffer11Config.h">
      <Filter>Rendering\Direct3D11\Resource\Buffers</Filter>
    </ClInclude>
    <ClInclude Include="Rendering\ArkVertexBuffer11.h">
      <Filter>Rendering\Direct3D11\Resource\Buffers</Filter>
    </ClInclude>
    <ClInclude Include="Rendering\ArkConstantBuffer11.h">
      <Filter>Rendering\Direct3D11\Resource\Buffers</Filter>
    </ClInclude>
    <ClInclude Include="Logging\ArkFileLoader.h">
      <Filter>Logging</Filter>
    </ClInclude>
    <ClInclude Include="Rendering\ArkConstantBufferParameter11.h">
      <Filter>Rendering\Direct3D11\Parameter System\Parameters</Filter>
    </ClInclude>
    <ClInclude Include="Rendering\ArkShaderStageState11.h">
      <Filter>Rendering\Direct3D11\Pipeline\Shader Stage\Stages</Filter>
    </ClInclude>
    <ClInclude Include="Rendering\ArkVertexShaderStage11.h">
      <Filter>Rendering\Direct3D11\Pipeline\Shader Stage\Stages</Filter>
    </ClInclude>
    <ClInclude Include="Rendering\ArkPixelShaderStage11.h">
      <Filter>Rendering\Direct3D11\Pipeline\Shader Stage\Stages</Filter>
    </ClInclude>
    <ClInclude Include="Rendering\ArkShader11.h">
      <Filter>Rendering\Direct3D11\Pipeline\Shader Stage\Programs</Filter>
    </ClInclude>
    <ClInclude Include="Rendering\ArkPixelShader11.h">
      <Filter>Rendering\Direct3D11\Pipeline\Shader Stage\Programs</Filter>
    </ClInclude>
    <ClInclude Include="Rendering\ArkVertexShader11.h">
      <Filter>Rendering\Direct3D11\Pipeline\Shader Stage\Programs</Filter>
    </ClInclude>
    <ClInclude Include="Rendering\ArkShaderStage11.h">
      <Filter>Rendering\Direct3D11\Pipeline\Shader Stage\Stages</Filter>
    </ClInclude>
    <ClInclude Include="Rendering\ArkShaderFactory11.h">
      <Filter>Rendering\Direct3D11\Pipeline\Shader Stage\Reflection</Filter>
    </ClInclude>
    <ClInclude Include="Rendering\ArkShaderReflection11.h">
      <Filter>Rendering\Direct3D11\Pipeline\Shader Stage\Reflection</Filter>
    </ClInclude>
    <ClInclude Include="Rendering\ArkShaderReflectionFactory11.h">
      <Filter>Rendering\Direct3D11\Pipeline\Shader Stage\Reflection</Filter>
    </ClInclude>
    <ClInclude Include="Rendering\ArkRenderEffect11.h">
      <Filter>Rendering\Direct3D11\Material System</Filter>
    </ClInclude>
    <ClInclude Include="Rendering\ArkIndexBuffer11.h">
      <Filter>Rendering\Direct3D11\Resource\Buffers</Filter>
    </ClInclude>
    <ClInclude Include="Rendering\TStateMonitor.h">
      <Filter>Rendering\Direct3D11\Pipeline\Common</Filter>
    </ClInclude>
    <ClInclude Include="Rendering\TStateArrayMonitor.h">
      <Filter>Rendering\Direct3D11\Pipeline\Common</Filter>
    </ClInclude>
    <ClInclude Include="Rendering\Dx11RasterizerStateConfig.h">
      <Filter>Rendering\Direct3D11\Resource\Configs</Filter>
    </ClInclude>
    <ClInclude Include="Rendering\Dx11DepthStencilStateConfig.h">
      <Filter>Rendering\Direct3D11\Resource\Configs</Filter>
    </ClInclude>
    <ClInclude Include="Rendering\Dx11BlendStateConfig.h">
      <Filter>Rendering\Direct3D11\Resource\Configs</Filter>
    </ClInclude>
    <ClInclude Include="Utility\ArkTimer.h">
      <Filter>Utility</Filter>
    </ClInclude>
    <ClInclude Include="Scene\ArkFirstPersonCamera.h">
      <Filter>Scene\Cameras</Filter>
    </ClInclude>
    <ClInclude Include="Events\EKeyUp.h">
      <Filter>Events\WindowsMessages\Keyboard</Filter>
    </ClInclude>
    <ClInclude Include="Events\EFrameStart.h">
      <Filter>Events\WindowsMessages\Rendering</Filter>
    </ClInclude>
    <ClInclude Include="Events\EMouseRButtonDown.h">
      <Filter>Events\WindowsMessages\Mouse</Filter>
    </ClInclude>
    <ClInclude Include="Events\EMouseMsg.h">
      <Filter>Events\WindowsMessages\Mouse</Filter>
    </ClInclude>
    <ClInclude Include="Events\EMouseRButtonUp.h">
      <Filter>Events\WindowsMessages\Mouse</Filter>
    </ClInclude>
    <ClInclude Include="Events\EMouseMove.h">
      <Filter>Events\WindowsMessages\Mouse</Filter>
    </ClInclude>
    <ClInclude Include="Events\EMouseLeave.h">
      <Filter>Events\WindowsMessages\Mouse</Filter>
    </ClInclude>
    <ClInclude Include="Scene\ArkSpatialController.h">
      <Filter>Scene</Filter>
    </ClInclude>
    <ClInclude Include="Scene\IController.h">
      <Filter>Scene</Filter>
    </ClInclude>
    <ClInclude Include="Scene\ArkNode3D.h">
      <Filter>Scene\Objects</Filter>
    </ClInclude>
    <ClInclude Include="Scene\ArkTransform3D.h">
      <Filter>Scene\Objects</Filter>
    </ClInclude>
    <ClInclude Include="Scene\ArkPickRecord.h">
      <Filter>Scene\Objects</Filter>
    </ClInclude>
    <ClInclude Include="Scene\ArkEntity3D.h">
      <Filter>Scene\Objects</Filter>
    </ClInclude>
    <ClInclude Include="Rendering\ArkParameterWriter.h">
      <Filter>Rendering\Direct3D11\Parameter System\Parameter Writer</Filter>
    </ClInclude>
    <ClInclude Include="Rendering\ArkConstantBufferParameterWriter11.h">
      <Filter>Rendering\Direct3D11\Parameter System\Parameter Writer</Filter>
    </ClInclude>
    <ClInclude Include="Rendering\ArkVectorParameterWriter11.h">
      <Filter>Rendering\Direct3D11\Parameter System\Parameter Writer</Filter>
    </ClInclude>
    <ClInclude Include="Rendering\ArkMatrixParameterWriter11.h">
      <Filter>Rendering\Direct3D11\Parameter System\Parameter Writer</Filter>
    </ClInclude>
    <ClInclude Include="Rendering\ArkMatrixArrayParameterWriter11.h">
      <Filter>Rendering\Direct3D11\Parameter System\Parameter Writer</Filter>
    </ClInclude>
    <ClInclude Include="Rendering\ArkParameterContainer.h">
      <Filter>Rendering\Direct3D11\Parameter System\Parameter Writer</Filter>
    </ClInclude>
    <ClInclude Include="Rendering\ArkSceneGraph.h">
      <Filter>Scene\Objects</Filter>
    </ClInclude>
    <ClInclude Include="Rendering\ArkShape3D.h">
      <Filter>Math</Filter>
    </ClInclude>
    <ClInclude Include="Math\ArkRay3.h">
      <Filter>Math</Filter>
    </ClInclude>
    <ClInclude Include="Math\ArkSphere3.h">
      <Filter>Math</Filter>
    </ClInclude>
    <ClInclude Include="Math\ArkPlane.h">
      <Filter>Math</Filter>
    </ClInclude>
    <ClInclude Include="Math\ArkFrustum.h">
      <Filter>Math</Filter>
    </ClInclude>
    <ClInclude Include="Math\ArkCompositeShape.h">
      <Filter>Math</Filter>
    </ClInclude>
  </ItemGroup>
  <ItemGroup>
    <ClCompile Include="Utility\Pch.cpp">
      <Filter>Utility</Filter>
    </ClCompile>
    <ClCompile Include="Events\IEventListener.cpp">
      <Filter>Events</Filter>
    </ClCompile>
    <ClCompile Include="Events\EventManager.cpp">
      <Filter>Events</Filter>
    </ClCompile>
    <ClCompile Include="Events\EWindow.cpp">
      <Filter>Events\WindowsMessages</Filter>
    </ClCompile>
    <ClCompile Include="Events\EKeyboard.cpp">
      <Filter>Events\WindowsMessages\Keyboard</Filter>
    </ClCompile>
    <ClCompile Include="Events\EKeyDown.cpp">
      <Filter>Events\WindowsMessages\Keyboard</Filter>
    </ClCompile>
    <ClCompile Include="Application\Main.cpp">
      <Filter>Application</Filter>
    </ClCompile>
    <ClCompile Include="Application\RenderWindow.cpp">
      <Filter>Application</Filter>
    </ClCompile>
    <ClCompile Include="Application\Win32RenderWindow.cpp">
      <Filter>Application</Filter>
    </ClCompile>
    <ClCompile Include="Events\EWindowResize.cpp">
      <Filter>Events\WindowsMessages\Window</Filter>
    </ClCompile>
    <ClCompile Include="Scene\Scene.cpp">
      <Filter>Scene</Filter>
    </ClCompile>
    <ClCompile Include="Scene\Actor.cpp">
      <Filter>Scene</Filter>
    </ClCompile>
    <ClCompile Include="Scene\Camera.cpp">
      <Filter>Scene\Cameras</Filter>
    </ClCompile>
    <ClCompile Include="Rendering\PipelineManager.cpp">
      <Filter>Rendering\Direct3D11\Pipeline</Filter>
    </ClCompile>
    <ClCompile Include="Rendering\Dx11Resource.cpp">
      <Filter>Rendering\Direct3D11\Resource</Filter>
    </ClCompile>
    <ClCompile Include="Rendering\Dx11ResourceProxy.cpp">
      <Filter>Rendering\Direct3D11\Resource</Filter>
    </ClCompile>
    <ClCompile Include="Rendering\Dx11DepthStencilViewConfig.cpp">
      <Filter>Rendering\Direct3D11\Resource\Configs</Filter>
    </ClCompile>
    <ClCompile Include="Rendering\Dx11RenderTargetViewConfig.cpp">
      <Filter>Rendering\Direct3D11\Resource\Configs</Filter>
    </ClCompile>
    <ClCompile Include="Rendering\Dx11ShaderResourceViewConfig.cpp">
      <Filter>Rendering\Direct3D11\Resource\Configs</Filter>
    </ClCompile>
    <ClCompile Include="Rendering\Dx11SwapChainConfig.cpp">
      <Filter>Rendering\Direct3D11\Resource\Configs</Filter>
    </ClCompile>
    <ClCompile Include="Rendering\Dx11Texture2DConfig.cpp">
      <Filter>Rendering\Direct3D11\Resource\Configs</Filter>
    </ClCompile>
    <ClCompile Include="Rendering\Dx11ShaderResourceView.cpp">
      <Filter>Rendering\Direct3D11\Resource\Views</Filter>
    </ClCompile>
    <ClCompile Include="Rendering\Dx11DepthStencilView.cpp">
      <Filter>Rendering\Direct3D11\Resource\Views</Filter>
    </ClCompile>
    <ClCompile Include="Rendering\Dx11RenderTargetView.cpp">
      <Filter>Rendering\Direct3D11\Resource\Views</Filter>
    </ClCompile>
    <ClCompile Include="Rendering\Dx11SwapChain.cpp">
      <Filter>Rendering\Direct3D11\Resource\DXGI</Filter>
    </ClCompile>
    <ClCompile Include="Rendering\Dx11Texture2D.cpp">
      <Filter>Rendering\Direct3D11\Resource\Textures</Filter>
    </ClCompile>
    <ClCompile Include="Rendering\RenderTask.cpp">
      <Filter>Rendering\Direct3D11\Task System</Filter>
    </ClCompile>
    <ClCompile Include="Rendering\TaskCore.cpp">
      <Filter>Rendering\Direct3D11\Task System</Filter>
    </ClCompile>
    <ClCompile Include="Perspective\PerspectiveView.cpp">
      <Filter>Rendering\Direct3D11\Render Views</Filter>
    </ClCompile>
    <ClCompile Include="Rendering\DxOutputMergerStage.cpp">
      <Filter>Rendering\Direct3D11\Pipeline\Output Merger Stage</Filter>
    </ClCompile>
    <ClCompile Include="Rendering\DxOutputMergerState.cpp">
      <Filter>Rendering\Direct3D11\Pipeline\Output Merger Stage</Filter>
    </ClCompile>
    <ClCompile Include="Logging\DxDebugHelper.cpp">
      <Filter>Logging</Filter>
    </ClCompile>
    <ClCompile Include="Rendering\DxRasterizerStage.cpp">
      <Filter>Rendering\Direct3D11\Pipeline\Rasterizer Stage</Filter>
    </ClCompile>
    <ClCompile Include="Rendering\DxRasterizerState.cpp">
      <Filter>Rendering\Direct3D11\Pipeline\Rasterizer Stage</Filter>
    </ClCompile>
    <ClCompile Include="Rendering\Dx11ViewPort.cpp">
      <Filter>Rendering\Direct3D11\Resource\Viewport</Filter>
    </ClCompile>
    <ClCompile Include="Logging\ArkFileSystem.cpp">
      <Filter>Logging</Filter>
    </ClCompile>
    <ClCompile Include="Application\ArkApplication.cpp">
      <Filter>Application</Filter>
    </ClCompile>
    <ClCompile Include="Application\ArkRenderApplication11.cpp">
      <Filter>Application</Filter>
    </ClCompile>
    <ClCompile Include="Logging\ArkLog.cpp">
      <Filter>Logging</Filter>
    </ClCompile>
    <ClCompile Include="Rendering\ArkRenderer11.cpp">
      <Filter>Rendering\Direct3D11</Filter>
    </ClCompile>
    <ClCompile Include="Application\ArkConfigFile.cpp">
      <Filter>Application</Filter>
    </ClCompile>
    <ClCompile Include="Rendering\DxIAState.cpp">
      <Filter>Rendering\Direct3D11\Pipeline\Input Assembler Stage</Filter>
    </ClCompile>
    <ClCompile Include="Rendering\ArkRenderParameter11.cpp">
      <Filter>Rendering\Direct3D11\Parameter System</Filter>
    </ClCompile>
    <ClCompile Include="Rendering\ArkVectorParameter11.cpp">
      <Filter>Rendering\Direct3D11\Parameter System\Parameters</Filter>
    </ClCompile>
    <ClCompile Include="Rendering\ArkMatrixParameter11.cpp">
      <Filter>Rendering\Direct3D11\Parameter System\Parameters</Filter>
    </ClCompile>
    <ClCompile Include="Rendering\ArkMatrixArrayParameter.cpp">
      <Filter>Rendering\Direct3D11\Parameter System\Parameters</Filter>
    </ClCompile>
    <ClCompile Include="Rendering\ArkParameterManager11.cpp">
      <Filter>Rendering\Direct3D11\Parameter System</Filter>
    </ClCompile>
    <ClCompile Include="Rendering\DxIAStage.cpp">
      <Filter>Rendering\Direct3D11\Pipeline\Input Assembler Stage</Filter>
    </ClCompile>
    <ClCompile Include="Rendering\ArkBuffer11.cpp">
      <Filter>Rendering\Direct3D11\Resource\Buffers</Filter>
    </ClCompile>
    <ClCompile Include="Rendering\ArkBuffer11Config.cpp">
      <Filter>Rendering\Direct3D11\Resource\Buffers</Filter>
    </ClCompile>
    <ClCompile Include="Rendering\ArkVertexBuffer11.cpp">
      <Filter>Rendering\Direct3D11\Resource\Buffers</Filter>
    </ClCompile>
    <ClCompile Include="Rendering\ArkConstantBuffer11.cpp">
      <Filter>Rendering\Direct3D11\Resource\Buffers</Filter>
    </ClCompile>
    <ClCompile Include="Logging\ArkFileLoader.cpp">
      <Filter>Logging</Filter>
    </ClCompile>
    <ClCompile Include="Rendering\ArkConstantBufferParameter11.cpp">
      <Filter>Rendering\Direct3D11\Parameter System\Parameters</Filter>
    </ClCompile>
    <ClCompile Include="Rendering\ArkShaderStageState11.cpp">
      <Filter>Rendering\Direct3D11\Pipeline\Shader Stage\Stages</Filter>
    </ClCompile>
    <ClCompile Include="Rendering\ArkVertexShaderStage11.cpp">
      <Filter>Rendering\Direct3D11\Pipeline\Shader Stage\Stages</Filter>
    </ClCompile>
    <ClCompile Include="Rendering\ArkPixelShaderStage11.cpp">
      <Filter>Rendering\Direct3D11\Pipeline\Shader Stage\Stages</Filter>
    </ClCompile>
    <ClCompile Include="Rendering\ArkPixelShader11.cpp">
      <Filter>Rendering\Direct3D11\Pipeline\Shader Stage\Programs</Filter>
    </ClCompile>
    <ClCompile Include="Rendering\ArkShader11.cpp">
      <Filter>Rendering\Direct3D11\Pipeline\Shader Stage\Programs</Filter>
    </ClCompile>
    <ClCompile Include="Rendering\ArkVertexShader11.cpp">
      <Filter>Rendering\Direct3D11\Pipeline\Shader Stage\Programs</Filter>
    </ClCompile>
    <ClCompile Include="Rendering\ArkShaderStage11.cpp">
      <Filter>Rendering\Direct3D11\Pipeline\Shader Stage\Stages</Filter>
    </ClCompile>
    <ClCompile Include="Rendering\ArkShaderFactory11.cpp">
      <Filter>Rendering\Direct3D11\Pipeline\Shader Stage\Reflection</Filter>
    </ClCompile>
    <ClCompile Include="Rendering\ArkShaderReflection11.cpp">
      <Filter>Rendering\Direct3D11\Pipeline\Shader Stage\Reflection</Filter>
    </ClCompile>
    <ClCompile Include="Rendering\ArkShaderReflectionFactory11.cpp">
      <Filter>Rendering\Direct3D11\Pipeline\Shader Stage\Reflection</Filter>
    </ClCompile>
    <ClCompile Include="Rendering\ArkRenderEffect11.cpp">
      <Filter>Rendering\Direct3D11\Material System</Filter>
    </ClCompile>
    <ClCompile Include="Rendering\ArkIndexBuffer11.cpp">
      <Filter>Rendering\Direct3D11\Resource\Buffers</Filter>
    </ClCompile>
    <ClCompile Include="Rendering\Dx11RasterizerStateConfig.cpp">
      <Filter>Rendering\Direct3D11\Resource\Configs</Filter>
    </ClCompile>
    <ClCompile Include="Rendering\Dx11DepthStencilStateConfig.cpp">
      <Filter>Rendering\Direct3D11\Resource\Configs</Filter>
    </ClCompile>
    <ClCompile Include="Rendering\Dx11BlendStateConfig.cpp">
      <Filter>Rendering\Direct3D11\Resource\Configs</Filter>
    </ClCompile>
    <ClCompile Include="Utility\ArkTimer.cpp">
      <Filter>Utility</Filter>
    </ClCompile>
    <ClCompile Include="Scene\ArkFirstPersonCamera.cpp">
      <Filter>Scene\Cameras</Filter>
    </ClCompile>
    <ClCompile Include="Events\EKeyUp.cpp">
      <Filter>Events\WindowsMessages\Keyboard</Filter>
    </ClCompile>
    <ClCompile Include="Events\EFrameStart.cpp">
      <Filter>Events\WindowsMessages\Rendering</Filter>
    </ClCompile>
    <ClCompile Include="Events\EMouseMsg.cpp">
      <Filter>Events\WindowsMessages\Mouse</Filter>
    </ClCompile>
    <ClCompile Include="Events\EMouseRButtonDown.cpp">
      <Filter>Events\WindowsMessages\Mouse</Filter>
    </ClCompile>
    <ClCompile Include="Events\EMouseRButtonUp.cpp">
      <Filter>Events\WindowsMessages\Mouse</Filter>
    </ClCompile>
    <ClCompile Include="Events\EMouseMove.cpp">
      <Filter>Events\WindowsMessages\Mouse</Filter>
    </ClCompile>
    <ClCompile Include="Events\EMouseLeave.cpp">
      <Filter>Events\WindowsMessages\Mouse</Filter>
    </ClCompile>
    <ClCompile Include="Scene\ArkTransform3D.cpp">
      <Filter>Scene\Objects</Filter>
    </ClCompile>
    <ClCompile Include="Scene\ArkPickRecord.cpp">
      <Filter>Scene\Objects</Filter>
    </ClCompile>
    <ClCompile Include="Scene\ArkNode3D.cpp">
      <Filter>Scene\Objects</Filter>
    </ClCompile>
    <ClCompile Include="Scene\ArkEntity3D.cpp">
      <Filter>Scene\Objects</Filter>
    </ClCompile>
    <ClCompile Include="Rendering\ArkParameterWriter.cpp">
      <Filter>Rendering\Direct3D11\Parameter System\Parameter Writer</Filter>
    </ClCompile>
    <ClCompile Include="Rendering\ArkConstantBufferParameterWriter11.cpp">
      <Filter>Rendering\Direct3D11\Parameter System\Parameter Writer</Filter>
    </ClCompile>
    <ClCompile Include="Rendering\ArkVectorParameterWriter11.cpp">
      <Filter>Rendering\Direct3D11\Parameter System\Parameter Writer</Filter>
    </ClCompile>
    <ClCompile Include="Rendering\ArkMatrixParameterWriter11.cpp">
      <Filter>Rendering\Direct3D11\Parameter System\Parameter Writer</Filter>
    </ClCompile>
    <ClCompile Include="Rendering\ArkMatrixArrayParameterWriter11.cpp">
      <Filter>Rendering\Direct3D11\Parameter System\Parameter Writer</Filter>
    </ClCompile>
    <ClCompile Include="Rendering\ArkParameterContainer.cpp">
      <Filter>Rendering\Direct3D11\Parameter System\Parameter Writer</Filter>
    </ClCompile>
    <ClCompile Include="Rendering\ArkShape3D.cpp">
      <Filter>Math</Filter>
    </ClCompile>
    <ClCompile Include="Math\ArkRay3.cpp">
      <Filter>Math</Filter>
    </ClCompile>
    <ClCompile Include="Math\ArkSphere3.cpp">
      <Filter>Math</Filter>
    </ClCompile>
    <ClCompile Include="Math\ArkPlane.cpp">
      <Filter>Math</Filter>
    </ClCompile>
    <ClCompile Include="Math\ArkFrustum.cpp">
      <Filter>Math</Filter>
    </ClCompile>
    <ClCompile Include="Math\ArkSceneGraph.cpp">
      <Filter>Scene\Objects</Filter>
    </ClCompile>
    <ClCompile Include="Math\ArkCompositeShape.cpp">
      <Filter>Math</Filter>
    </ClCompile>
  </ItemGroup>
  <ItemGroup>
    <None Include="Rendering\TStateMonitor.inl">
      <Filter>Rendering\Direct3D11\Pipeline\Common</Filter>
    </None>
    <None Include="Rendering\TStateArrayMonitor.inl">
      <Filter>Rendering\Direct3D11\Pipeline\Common</Filter>
    </None>
    <None Include="Scene\IController.inl">
      <Filter>Scene</Filter>
    </None>
    <None Include="Scene\ArkSpatialController.inl">
      <Filter>Scene</Filter>
    </None>
  </ItemGroup>
</Project>